<?xml version="1.0" encoding="utf-8"?>
<Project ToolsVersion="4.0" xmlns="http://schemas.microsoft.com/developer/msbuild/2003">
  <ItemGroup>
    <ClCompile Include="main.cpp" />
    <ClCompile Include="Pipeline.cpp" />
    <ClCompile Include="..\dependencies\glad\src\glad.c">
      <Filter>dependencies</Filter>
    </ClCompile>
    <ClCompile Include="..\framework\Window.cpp">
      <Filter>framework</Filter>
    </ClCompile>
    <ClCompile Include="Game.cpp" />
  </ItemGroup>
  <ItemGroup>
    <ClInclude Include="Pipeline.h" />
    <ClInclude Include="Vertex.h" />
    <ClInclude Include="..\framework\Timer.h">
      <Filter>framework</Filter>
    </ClInclude>
    <ClInclude Include="..\framework\Window.h">
      <Filter>framework</Filter>
    </ClInclude>
    <ClInclude Include="..\framework\glmmath.h">
      <Filter>framework</Filter>
    </ClInclude>
    <ClInclude Include="Game.h" />
  </ItemGroup>
  <ItemGroup>
    <Filter Include="framework">
      <UniqueIdentifier>{b66ed61a-06b7-40b7-9a2b-a55125726767}</UniqueIdentifier>
    </Filter>
    <Filter Include="dependencies">
      <UniqueIdentifier>{7754d37b-96ce-4ead-b799-9d2665c7fcc4}</UniqueIdentifier>
    </Filter>
  </ItemGroup>
</Project>